
Microsoft Visual Studio Solution File, Format Version 12.00
# Visual Studio Version 16
VisualStudioVersion = 16.0.30114.105
MinimumVisualStudioVersion = 10.0.40219.1
Project("{FAE04EC0-301F-11D3-BF4B-00C04F79EFBC}") = "TheDigitalClock", "TheDigitalClock\TheDigitalClock.csproj", "{A58740D3-B877-4C3B-9C3B-BF342A5803AE}"
EndProject
Global
	GlobalSection(SolutionConfigurationPlatforms) = preSolution
		Debug|Any CPU = Debug|Any CPU
		Release|Any CPU = Release|Any CPU
	EndGlobalSection
	GlobalSection(ProjectConfigurationPlatforms) = postSolution
		{A58740D3-B877-4C3B-9C3B-BF342A5803AE}.Debug|Any CPU.ActiveCfg = Debug|Any CPU
		{A58740D3-B877-4C3B-9C3B-BF342A5803AE}.Debug|Any CPU.Build.0 = Debug|Any CPU
		{A58740D3-B877-4C3B-9C3B-BF342A5803AE}.Release|Any CPU.ActiveCfg = Release|Any CPU
		{A58740D3-B877-4C3B-9C3B-BF342A5803AE}.Release|Any CPU.Build.0 = Release|Any CPU
	EndGlobalSection
	GlobalSection(SolutionProperties) = preSolution
		HideSolutionNode = FALSE
	EndGlobalSection
	GlobalSection(ExtensibilityGlobals) = postSolution
		SolutionGuid = {FB312F09-91AA-47E6-B577-51B8EFF0C165}
	EndGlobalSection
EndGlobal
